
Microsoft Visual Studio Solution File, Format Version 12.00
# Visual Studio Version 17
VisualStudioVersion = 17.4.33122.133
MinimumVisualStudioVersion = 10.0.40219.1
Project("{FAE04EC0-301F-11D3-BF4B-00C04F79EFBC}") = "WalimuCareApp.Android", "WalimuCareApp\WalimuCareApp.Android\WalimuCareApp.Android.csproj", "{9ECEFA80-9F46-48C2-991F-CAA51E084264}"
EndProject
Project("{FAE04EC0-301F-11D3-BF4B-00C04F79EFBC}") = "WalimuCareApp.iOS", "WalimuCareApp\WalimuCareApp.iOS\WalimuCareApp.iOS.csproj", "{3775878C-A7EE-42DF-B523-E5D0E1504501}"
EndProject
Project("{9A19103F-16F7-4668-BE54-9A1E7A4F7556}") = "WalimuCareApp", "WalimuCareApp\WalimuCareApp\WalimuCareApp.csproj", "{25B29C51-6DDA-4897-BB4E-5E4BE738D3AA}"
EndProject
Project("{2150E333-8FDC-42A3-9474-1A3956D46DE8}") = "Solution Items", "Solution Items", "{00F7C561-F4FC-4A04-90E0-D8A82C0EBD1A}"
	ProjectSection(SolutionItems) = preProject
		.editorconfig = .editorconfig
	EndProjectSection
EndProject
Global
	GlobalSection(SolutionConfigurationPlatforms) = preSolution
		Debug|Any CPU = Debug|Any CPU
		Debug|iPhone = Debug|iPhone
		Debug|iPhoneSimulator = Debug|iPhoneSimulator
		Release|Any CPU = Release|Any CPU
		Release|iPhone = Release|iPhone
		Release|iPhoneSimulator = Release|iPhoneSimulator
	EndGlobalSection
	GlobalSection(ProjectConfigurationPlatforms) = postSolution
		{9ECEFA80-9F46-48C2-991F-CAA51E084264}.Debug|Any CPU.ActiveCfg = Debug|Any CPU
		{9ECEFA80-9F46-48C2-991F-CAA51E084264}.Debug|Any CPU.Build.0 = Debug|Any CPU
		{9ECEFA80-9F46-48C2-991F-CAA51E084264}.Debug|Any CPU.Deploy.0 = Debug|Any CPU
		{9ECEFA80-9F46-48C2-991F-CAA51E084264}.Debug|iPhone.ActiveCfg = Debug|Any CPU
		{9ECEFA80-9F46-48C2-991F-CAA51E084264}.Debug|iPhone.Build.0 = Debug|Any CPU
		{9ECEFA80-9F46-48C2-991F-CAA51E084264}.Debug|iPhone.Deploy.0 = Debug|Any CPU
		{9ECEFA80-9F46-48C2-991F-CAA51E084264}.Debug|iPhoneSimulator.ActiveCfg = Debug|Any CPU
		{9ECEFA80-9F46-48C2-991F-CAA51E084264}.Debug|iPhoneSimulator.Build.0 = Debug|Any CPU
		{9ECEFA80-9F46-48C2-991F-CAA51E084264}.Debug|iPhoneSimulator.Deploy.0 = Debug|Any CPU
		{9ECEFA80-9F46-48C2-991F-CAA51E084264}.Release|Any CPU.ActiveCfg = Release|Any CPU
		{9ECEFA80-9F46-48C2-991F-CAA51E084264}.Release|Any CPU.Build.0 = Release|Any CPU
		{9ECEFA80-9F46-48C2-991F-CAA51E084264}.Release|Any CPU.Deploy.0 = Release|Any CPU
		{9ECEFA80-9F46-48C2-991F-CAA51E084264}.Release|iPhone.ActiveCfg = Release|Any CPU
		{9ECEFA80-9F46-48C2-991F-CAA51E084264}.Release|iPhone.Build.0 = Release|Any CPU
		{9ECEFA80-9F46-48C2-991F-CAA51E084264}.Release|iPhone.Deploy.0 = Release|Any CPU
		{9ECEFA80-9F46-48C2-991F-CAA51E084264}.Release|iPhoneSimulator.ActiveCfg = Release|Any CPU
		{9ECEFA80-9F46-48C2-991F-CAA51E084264}.Release|iPhoneSimulator.Build.0 = Release|Any CPU
		{9ECEFA80-9F46-48C2-991F-CAA51E084264}.Release|iPhoneSimulator.Deploy.0 = Release|Any CPU
		{3775878C-A7EE-42DF-B523-E5D0E1504501}.Debug|Any CPU.ActiveCfg = Debug|iPhone
		{3775878C-A7EE-42DF-B523-E5D0E1504501}.Debug|Any CPU.Build.0 = Debug|iPhone
		{3775878C-A7EE-42DF-B523-E5D0E1504501}.Debug|Any CPU.Deploy.0 = Debug|iPhone
		{3775878C-A7EE-42DF-B523-E5D0E1504501}.Debug|iPhone.ActiveCfg = Debug|iPhone
		{3775878C-A7EE-42DF-B523-E5D0E1504501}.Debug|iPhone.Build.0 = Debug|iPhone
		{3775878C-A7EE-42DF-B523-E5D0E1504501}.Debug|iPhone.Deploy.0 = Debug|iPhone
		{3775878C-A7EE-42DF-B523-E5D0E1504501}.Debug|iPhoneSimulator.ActiveCfg = Debug|iPhoneSimulator
		{3775878C-A7EE-42DF-B523-E5D0E1504501}.Debug|iPhoneSimulator.Build.0 = Debug|iPhoneSimulator
		{3775878C-A7EE-42DF-B523-E5D0E1504501}.Debug|iPhoneSimulator.Deploy.0 = Debug|iPhoneSimulator
		{3775878C-A7EE-42DF-B523-E5D0E1504501}.Release|Any CPU.ActiveCfg = Release|iPhoneSimulator
		{3775878C-A7EE-42DF-B523-E5D0E1504501}.Release|Any CPU.Build.0 = Release|iPhoneSimulator
		{3775878C-A7EE-42DF-B523-E5D0E1504501}.Release|Any CPU.Deploy.0 = Release|iPhoneSimulator
		{3775878C-A7EE-42DF-B523-E5D0E1504501}.Release|iPhone.ActiveCfg = Release|iPhone
		{3775878C-A7EE-42DF-B523-E5D0E1504501}.Release|iPhone.Build.0 = Release|iPhone
		{3775878C-A7EE-42DF-B523-E5D0E1504501}.Release|iPhone.Deploy.0 = Release|iPhone
		{3775878C-A7EE-42DF-B523-E5D0E1504501}.Release|iPhoneSimulator.ActiveCfg = Release|iPhoneSimulator
		{3775878C-A7EE-42DF-B523-E5D0E1504501}.Release|iPhoneSimulator.Build.0 = Release|iPhoneSimulator
		{3775878C-A7EE-42DF-B523-E5D0E1504501}.Release|iPhoneSimulator.Deploy.0 = Release|iPhoneSimulator
		{25B29C51-6DDA-4897-BB4E-5E4BE738D3AA}.Debug|Any CPU.ActiveCfg = Debug|Any CPU
		{25B29C51-6DDA-4897-BB4E-5E4BE738D3AA}.Debug|Any CPU.Build.0 = Debug|Any CPU
		{25B29C51-6DDA-4897-BB4E-5E4BE738D3AA}.Debug|Any CPU.Deploy.0 = Debug|Any CPU
		{25B29C51-6DDA-4897-BB4E-5E4BE738D3AA}.Debug|iPhone.ActiveCfg = Debug|Any CPU
		{25B29C51-6DDA-4897-BB4E-5E4BE738D3AA}.Debug|iPhone.Build.0 = Debug|Any CPU
		{25B29C51-6DDA-4897-BB4E-5E4BE738D3AA}.Debug|iPhone.Deploy.0 = Debug|Any CPU
		{25B29C51-6DDA-4897-BB4E-5E4BE738D3AA}.Debug|iPhoneSimulator.ActiveCfg = Debug|Any CPU
		{25B29C51-6DDA-4897-BB4E-5E4BE738D3AA}.Debug|iPhoneSimulator.Build.0 = Debug|Any CPU
		{25B29C51-6DDA-4897-BB4E-5E4BE738D3AA}.Debug|iPhoneSimulator.Deploy.0 = Debug|Any CPU
		{25B29C51-6DDA-4897-BB4E-5E4BE738D3AA}.Release|Any CPU.ActiveCfg = Release|Any CPU
		{25B29C51-6DDA-4897-BB4E-5E4BE738D3AA}.Release|Any CPU.Build.0 = Release|Any CPU
		{25B29C51-6DDA-4897-BB4E-5E4BE738D3AA}.Release|Any CPU.Deploy.0 = Release|Any CPU
		{25B29C51-6DDA-4897-BB4E-5E4BE738D3AA}.Release|iPhone.ActiveCfg = Release|Any CPU
		{25B29C51-6DDA-4897-BB4E-5E4BE738D3AA}.Release|iPhone.Build.0 = Release|Any CPU
		{25B29C51-6DDA-4897-BB4E-5E4BE738D3AA}.Release|iPhone.Deploy.0 = Release|Any CPU
		{25B29C51-6DDA-4897-BB4E-5E4BE738D3AA}.Release|iPhoneSimulator.ActiveCfg = Release|Any CPU
		{25B29C51-6DDA-4897-BB4E-5E4BE738D3AA}.Release|iPhoneSimulator.Build.0 = Release|Any CPU
		{25B29C51-6DDA-4897-BB4E-5E4BE738D3AA}.Release|iPhoneSimulator.Deploy.0 = Release|Any CPU
	EndGlobalSection
	GlobalSection(SolutionProperties) = preSolution
		HideSolutionNode = FALSE
	EndGlobalSection
	GlobalSection(ExtensibilityGlobals) = postSolution
		SolutionGuid = {F3189A7F-08C5-408F-9DE3-3C1F510A2D65}
	EndGlobalSection
EndGlobal
